# This file was autogenerated by Stack.
# You should not edit this file by hand.
# For more information, please see the documentation at:
#   https://docs.haskellstack.org/en/stable/lock_files

packages:
- completed:
    hackage: gi-gtk-declarative-0.6.0@sha256:e237751dccb85367891b4238d0a0f9463a1851c658e7da2282e3b11571445a04,3965
    pantry-tree:
      size: 1995
      sha256: 6c3d37f4140fe896239859c436b4b505af6726ae3c0879fb88cdf37154a58978
  original:
    hackage: gi-gtk-declarative-0.6.0@sha256:e237751dccb85367891b4238d0a0f9463a1851c658e7da2282e3b11571445a04,3965
- completed:
    hackage: gi-gtk-declarative-app-simple-0.6.0@sha256:96bbc8a584fcfc183b099c3393e7f81b78c35d7b9e79b2eae340fa2202f59bf7,1818
    pantry-tree:
      size: 257
      sha256: ec34806d2401cae3476301b02d549328edc101cf38ddd4c0171e287e08e50608
  original:
    hackage: gi-gtk-declarative-app-simple-0.6.0@sha256:96bbc8a584fcfc183b099c3393e7f81b78c35d7b9e79b2eae340fa2202f59bf7,1818
snapshots:
- completed:
    size: 545658
    url: https://raw.githubusercontent.com/commercialhaskell/stackage-snapshots/master/lts/14/12.yaml
    sha256: 26b807457213126d26b595439d705dc824dbb7618b0de6b900adc2bf6a059406
  original: lts-14.12
